
Microsoft Visual Studio Solution File, Format Version 12.00
# Visual Studio Version 17
VisualStudioVersion = 17.6.33829.357
MinimumVisualStudioVersion = 10.0.40219.1
Project("{FAE04EC0-301F-11D3-BF4B-00C04F79EFBC}") = "App1_1-10-2023", "App1_1-10-2023\App1_1-10-2023.csproj", "{9A66C1A4-45B5-4B79-A54D-78C9C9690121}"
EndProject
Global
	GlobalSection(SolutionConfigurationPlatforms) = preSolution
		Debug|Any CPU = Debug|Any CPU
		Release|Any CPU = Release|Any CPU
	EndGlobalSection
	GlobalSection(ProjectConfigurationPlatforms) = postSolution
		{9A66C1A4-45B5-4B79-A54D-78C9C9690121}.Debug|Any CPU.ActiveCfg = Debug|Any CPU
		{9A66C1A4-45B5-4B79-A54D-78C9C9690121}.Debug|Any CPU.Build.0 = Debug|Any CPU
		{9A66C1A4-45B5-4B79-A54D-78C9C9690121}.Release|Any CPU.ActiveCfg = Release|Any CPU
		{9A66C1A4-45B5-4B79-A54D-78C9C9690121}.Release|Any CPU.Build.0 = Release|Any CPU
	EndGlobalSection
	GlobalSection(SolutionProperties) = preSolution
		HideSolutionNode = FALSE
	EndGlobalSection
	GlobalSection(ExtensibilityGlobals) = postSolution
		SolutionGuid = {ADE834FB-CFEF-40F6-A2D2-EC8403818EDC}
	EndGlobalSection
EndGlobal
